
Microsoft Visual Studio Solution File, Format Version 12.00
# Visual Studio Version 17
VisualStudioVersion = 17.11.35327.3
MinimumVisualStudioVersion = 10.0.40219.1
Project("{FAE04EC0-301F-11D3-BF4B-00C04F79EFBC}") = "OcultarMensagemImagem", "..\OcultarMensagemImagem\OcultarMensagemImagem.csproj", "{10C81D34-8CE4-4AF2-BD5E-ED42CDC78C36}"
EndProject
Global
	GlobalSection(SolutionConfigurationPlatforms) = preSolution
		Debug|Any CPU = Debug|Any CPU
		Release|Any CPU = Release|Any CPU
	EndGlobalSection
	GlobalSection(ProjectConfigurationPlatforms) = postSolution
		{10C81D34-8CE4-4AF2-BD5E-ED42CDC78C36}.Debug|Any CPU.ActiveCfg = Debug|Any CPU
		{10C81D34-8CE4-4AF2-BD5E-ED42CDC78C36}.Debug|Any CPU.Build.0 = Debug|Any CPU
		{10C81D34-8CE4-4AF2-BD5E-ED42CDC78C36}.Release|Any CPU.ActiveCfg = Release|Any CPU
		{10C81D34-8CE4-4AF2-BD5E-ED42CDC78C36}.Release|Any CPU.Build.0 = Release|Any CPU
	EndGlobalSection
	GlobalSection(SolutionProperties) = preSolution
		HideSolutionNode = FALSE
	EndGlobalSection
	GlobalSection(ExtensibilityGlobals) = postSolution
		SolutionGuid = {F0DB9013-465D-437E-A56D-52FE4DB2C52D}
	EndGlobalSection
EndGlobal
